{
  "originHash" : "0da9fa23290c75a06cf2d88ffeab37061a648ea0656f8262ec633d415fa7466a",
  "pins" : [
    {
      "identity" : "clerk-ios",
      "kind" : "remoteSourceControl",
      "location" : "https://github.com/clerk/clerk-ios.git",
      "state" : {
        "revision" : "d41365666ac3be138737a57b33b30b6291b5c65b",
        "version" : "1.3.2"
      }
    },
    {
      "identity" : "nuke",
      "kind" : "remoteSourceControl",
      "location" : "https://github.com/kean/Nuke.git",
      "state" : {
        "revision" : "63a8fcbd6621340a2410bc3e9575ac97058615f4",
        "version" : "13.0.6"
      }
    },
    {
      "identity" : "phonenumberkit",
      "kind" : "remoteSourceControl",
      "location" : "https://github.com/PhoneNumberKit/PhoneNumberKit",
      "state" : {
        "revision" : "575bda0cd71186372e2ecb1352b91d7853bce048",
        "version" : "5.0.5"
      }
    }
  ],
  "version" : 3
}
